
Microsoft Visual Studio Solution File, Format Version 12.00
# Visual Studio 14
VisualStudioVersion = 14.0.24720.0
MinimumVisualStudioVersion = 10.0.40219.1
Project("{FAE04EC0-301F-11D3-BF4B-00C04F79EFBC}") = "ShoppingCartServices", "ShoppingCartServices\ShoppingCartServices.csproj", "{9D4E7B76-389F-48C4-9118-E0BFD7B6E450}"
EndProject
Project("{8BB2217D-0F2D-49D1-97BC-3654ED321F3B}") = "ShoppingSite", "ShoppingSite\ShoppingSite.xproj", "{73E6A5BC-A14B-4695-BCE5-433B88B15F5A}"
EndProject
Global
	GlobalSection(SolutionConfigurationPlatforms) = preSolution
		Debug|Any CPU = Debug|Any CPU
		Release|Any CPU = Release|Any CPU
	EndGlobalSection
	GlobalSection(ProjectConfigurationPlatforms) = postSolution
		{9D4E7B76-389F-48C4-9118-E0BFD7B6E450}.Debug|Any CPU.ActiveCfg = Debug|Any CPU
		{9D4E7B76-389F-48C4-9118-E0BFD7B6E450}.Debug|Any CPU.Build.0 = Debug|Any CPU
		{9D4E7B76-389F-48C4-9118-E0BFD7B6E450}.Release|Any CPU.ActiveCfg = Release|Any CPU
		{9D4E7B76-389F-48C4-9118-E0BFD7B6E450}.Release|Any CPU.Build.0 = Release|Any CPU
		{73E6A5BC-A14B-4695-BCE5-433B88B15F5A}.Debug|Any CPU.ActiveCfg = Debug|Any CPU
		{73E6A5BC-A14B-4695-BCE5-433B88B15F5A}.Debug|Any CPU.Build.0 = Debug|Any CPU
		{73E6A5BC-A14B-4695-BCE5-433B88B15F5A}.Release|Any CPU.ActiveCfg = Release|Any CPU
		{73E6A5BC-A14B-4695-BCE5-433B88B15F5A}.Release|Any CPU.Build.0 = Release|Any CPU
	EndGlobalSection
	GlobalSection(SolutionProperties) = preSolution
		HideSolutionNode = FALSE
	EndGlobalSection
EndGlobal
